// !$*UTF8*$!
{
	archiveVersion = 1;
	classes = {
	};
	objectVersion = 56;
	objects = {

/* Begin PBXBuildFile section */
		EF7FB81A2A3C7D0D002C9680 /* AppDelegate.swift in Sources */ = {isa = PBXBuildFile; fileRef = EF7FB8192A3C7D0D002C9680 /* AppDelegate.swift */; };
		EF7FB81C2A3C7D0D002C9680 /* GameViewController.swift in Sources */ = {isa = PBXBuildFile; fileRef = EF7FB81B2A3C7D0D002C9680 /* GameViewController.swift */; };
		EF7FB81F2A3C7D0D002C9680 /* Main.storyboard in Resources */ = {isa = PBXBuildFile; fileRef = EF7FB81D2A3C7D0D002C9680 /* Main.storyboard */; };
		EF7FB8222A3C7D0D002C9680 /* LaunchScreen.storyboard in Resources */ = {isa = PBXBuildFile; fileRef = EF7FB8202A3C7D0D002C9680 /* LaunchScreen.storyboard */; };
		EF7FB8472A3C7D0D002C9680 /* GameScene.swift in Sources */ = {isa = PBXBuildFile; fileRef = EF7FB8102A3C7D0B002C9680 /* GameScene.swift */; };
		EF7FB8482A3C7D0D002C9680 /* GameScene.swift in Sources */ = {isa = PBXBuildFile; fileRef = EF7FB8102A3C7D0B002C9680 /* GameScene.swift */; };
		EF7FB8492A3C7D0D002C9680 /* GameScene.swift in Sources */ = {isa = PBXBuildFile; fileRef = EF7FB8102A3C7D0B002C9680 /* GameScene.swift */; };
		EF7FB84A2A3C7D0D002C9680 /* Assets.xcassets in Resources */ = {isa = PBXBuildFile; fileRef = EF7FB8112A3C7D0D002C9680 /* Assets.xcassets */; };
		EF7FB84B2A3C7D0D002C9680 /* Assets.xcassets in Resources */ = {isa = PBXBuildFile; fileRef = EF7FB8112A3C7D0D002C9680 /* Assets.xcassets */; };
		EF7FB84C2A3C7D0D002C9680 /* Assets.xcassets in Resources */ = {isa = PBXBuildFile; fileRef = EF7FB8112A3C7D0D002C9680 /* Assets.xcassets */; };
		EF7FB8592A40A053002C9680 /* King.swift in Sources */ = {isa = PBXBuildFile; fileRef = EF7FB8582A40A053002C9680 /* King.swift */; };
		EF7FB85A2A40A053002C9680 /* King.swift in Sources */ = {isa = PBXBuildFile; fileRef = EF7FB8582A40A053002C9680 /* King.swift */; };
		EF7FB85B2A40A053002C9680 /* King.swift in Sources */ = {isa = PBXBuildFile; fileRef = EF7FB8582A40A053002C9680 /* King.swift */; };
		EF7FB85D2A40A3BD002C9680 /* Line.swift in Sources */ = {isa = PBXBuildFile; fileRef = EF7FB85C2A40A3BC002C9680 /* Line.swift */; };
		EF7FB85E2A40A3BD002C9680 /* Line.swift in Sources */ = {isa = PBXBuildFile; fileRef = EF7FB85C2A40A3BC002C9680 /* Line.swift */; };
		EF7FB85F2A40A3BD002C9680 /* Line.swift in Sources */ = {isa = PBXBuildFile; fileRef = EF7FB85C2A40A3BC002C9680 /* Line.swift */; };
		EF7FB8622A40A642002C9680 /* GameScene+King.swift in Sources */ = {isa = PBXBuildFile; fileRef = EF7FB8612A40A642002C9680 /* GameScene+King.swift */; };
		EF7FB8632A40A642002C9680 /* GameScene+King.swift in Sources */ = {isa = PBXBuildFile; fileRef = EF7FB8612A40A642002C9680 /* GameScene+King.swift */; };
		EF7FB8642A40A642002C9680 /* GameScene+King.swift in Sources */ = {isa = PBXBuildFile; fileRef = EF7FB8612A40A642002C9680 /* GameScene+King.swift */; };
		EF7FB8662A40A654002C9680 /* GameScene+Lines.swift in Sources */ = {isa = PBXBuildFile; fileRef = EF7FB8652A40A654002C9680 /* GameScene+Lines.swift */; };
		EF7FB8672A40A654002C9680 /* GameScene+Lines.swift in Sources */ = {isa = PBXBuildFile; fileRef = EF7FB8652A40A654002C9680 /* GameScene+Lines.swift */; };
		EF7FB8682A40A654002C9680 /* GameScene+Lines.swift in Sources */ = {isa = PBXBuildFile; fileRef = EF7FB8652A40A654002C9680 /* GameScene+Lines.swift */; };
/* End PBXBuildFile section */

/* Begin PBXFileReference section */
		EF7FB8102A3C7D0B002C9680 /* GameScene.swift */ = {isa = PBXFileReference; lastKnownFileType = sourcecode.swift; path = GameScene.swift; sourceTree = "<group>"; };
		EF7FB8112A3C7D0D002C9680 /* Assets.xcassets */ = {isa = PBXFileReference; lastKnownFileType = folder.assetcatalog; path = Assets.xcassets; sourceTree = "<group>"; };
		EF7FB8162A3C7D0D002C9680 /* Crown.app */ = {isa = PBXFileReference; explicitFileType = wrapper.application; includeInIndex = 0; path = Crown.app; sourceTree = BUILT_PRODUCTS_DIR; };
		EF7FB8192A3C7D0D002C9680 /* AppDelegate.swift */ = {isa = PBXFileReference; lastKnownFileType = sourcecode.swift; path = AppDelegate.swift; sourceTree = "<group>"; };
		EF7FB81B2A3C7D0D002C9680 /* GameViewController.swift */ = {isa = PBXFileReference; lastKnownFileType = sourcecode.swift; path = GameViewController.swift; sourceTree = "<group>"; };
		EF7FB81E2A3C7D0D002C9680 /* Base */ = {isa = PBXFileReference; lastKnownFileType = file.storyboard; name = Base; path = Base.lproj/Main.storyboard; sourceTree = "<group>"; };
		EF7FB8212A3C7D0D002C9680 /* Base */ = {isa = PBXFileReference; lastKnownFileType = file.storyboard; name = Base; path = Base.lproj/LaunchScreen.storyboard; sourceTree = "<group>"; };
		EF7FB8272A3C7D0D002C9680 /* Crown.app */ = {isa = PBXFileReference; explicitFileType = wrapper.application; includeInIndex = 0; path = Crown.app; sourceTree = BUILT_PRODUCTS_DIR; };
		EF7FB8372A3C7D0D002C9680 /* Crown.app */ = {isa = PBXFileReference; explicitFileType = wrapper.application; includeInIndex = 0; path = Crown.app; sourceTree = BUILT_PRODUCTS_DIR; };
		EF7FB8582A40A053002C9680 /* King.swift */ = {isa = PBXFileReference; lastKnownFileType = sourcecode.swift; path = King.swift; sourceTree = "<group>"; };
		EF7FB85C2A40A3BC002C9680 /* Line.swift */ = {isa = PBXFileReference; lastKnownFileType = sourcecode.swift; path = Line.swift; sourceTree = "<group>"; };
		EF7FB8612A40A642002C9680 /* GameScene+King.swift */ = {isa = PBXFileReference; lastKnownFileType = sourcecode.swift; path = "GameScene+King.swift"; sourceTree = "<group>"; };
		EF7FB8652A40A654002C9680 /* GameScene+Lines.swift */ = {isa = PBXFileReference; lastKnownFileType = sourcecode.swift; path = "GameScene+Lines.swift"; sourceTree = "<group>"; };
/* End PBXFileReference section */

/* Begin PBXFrameworksBuildPhase section */
		EF7FB8132A3C7D0D002C9680 /* Frameworks */ = {
			isa = PBXFrameworksBuildPhase;
			buildActionMask = 2147483647;
			files = (
			);
			runOnlyForDeploymentPostprocessing = 0;
		};
		EF7FB8242A3C7D0D002C9680 /* Frameworks */ = {
			isa = PBXFrameworksBuildPhase;
			buildActionMask = 2147483647;
			files = (
			);
			runOnlyForDeploymentPostprocessing = 0;
		};
		EF7FB8342A3C7D0D002C9680 /* Frameworks */ = {
			isa = PBXFrameworksBuildPhase;
			buildActionMask = 2147483647;
			files = (
			);
			runOnlyForDeploymentPostprocessing = 0;
		};
/* End PBXFrameworksBuildPhase section */

/* Begin PBXGroup section */
		EF7FB8082A3C7D0B002C9680 = {
			isa = PBXGroup;
			children = (
				EF7FB80D2A3C7D0B002C9680 /* Crown Shared */,
				EF7FB8182A3C7D0D002C9680 /* Crown iOS */,
				EF7FB8172A3C7D0D002C9680 /* Products */,
			);
			sourceTree = "<group>";
		};
		EF7FB80D2A3C7D0B002C9680 /* Crown Shared */ = {
			isa = PBXGroup;
			children = (
				EF7FB8102A3C7D0B002C9680 /* GameScene.swift */,
				EF7FB8692A40A659002C9680 /* Extention */,
				EF7FB8602A40A3C3002C9680 /* Classes */,
				EF7FB8112A3C7D0D002C9680 /* Assets.xcassets */,
			);
			path = "Crown Shared";
			sourceTree = "<group>";
		};
		EF7FB8172A3C7D0D002C9680 /* Products */ = {
			isa = PBXGroup;
			children = (
				EF7FB8162A3C7D0D002C9680 /* Crown.app */,
				EF7FB8272A3C7D0D002C9680 /* Crown.app */,
				EF7FB8372A3C7D0D002C9680 /* Crown.app */,
			);
			name = Products;
			sourceTree = "<group>";
		};
		EF7FB8182A3C7D0D002C9680 /* Crown iOS */ = {
			isa = PBXGroup;
			children = (
				EF7FB8192A3C7D0D002C9680 /* AppDelegate.swift */,
				EF7FB81B2A3C7D0D002C9680 /* GameViewController.swift */,
				EF7FB81D2A3C7D0D002C9680 /* Main.storyboard */,
				EF7FB8202A3C7D0D002C9680 /* LaunchScreen.storyboard */,
			);
			path = "Crown iOS";
			sourceTree = "<group>";
		};
		EF7FB8602A40A3C3002C9680 /* Classes */ = {
			isa = PBXGroup;
			children = (
				EF7FB85C2A40A3BC002C9680 /* Line.swift */,
				EF7FB8582A40A053002C9680 /* King.swift */,
			);
			path = Classes;
			sourceTree = "<group>";
		};
		EF7FB8692A40A659002C9680 /* Extention */ = {
			isa = PBXGroup;
			children = (
				EF7FB8612A40A642002C9680 /* GameScene+King.swift */,
				EF7FB8652A40A654002C9680 /* GameScene+Lines.swift */,
			);
			path = Extention;
			sourceTree = "<group>";
		};
/* End PBXGroup section */

/* Begin PBXNativeTarget section */
		EF7FB8152A3C7D0D002C9680 /* Crown iOS */ = {
			isa = PBXNativeTarget;
			buildConfigurationList = EF7FB84F2A3C7D0D002C9680 /* Build configuration list for PBXNativeTarget "Crown iOS" */;
			buildPhases = (
				EF7FB8122A3C7D0D002C9680 /* Sources */,
				EF7FB8132A3C7D0D002C9680 /* Frameworks */,
				EF7FB8142A3C7D0D002C9680 /* Resources */,
			);
			buildRules = (
			);
			dependencies = (
			);
			name = "Crown iOS";
			productName = "Crown iOS";
			productReference = EF7FB8162A3C7D0D002C9680 /* Crown.app */;
			productType = "com.apple.product-type.application";
		};
		EF7FB8262A3C7D0D002C9680 /* Crown tvOS */ = {
			isa = PBXNativeTarget;
			buildConfigurationList = EF7FB8522A3C7D0D002C9680 /* Build configuration list for PBXNativeTarget "Crown tvOS" */;
			buildPhases = (
				EF7FB8232A3C7D0D002C9680 /* Sources */,
				EF7FB8242A3C7D0D002C9680 /* Frameworks */,
				EF7FB8252A3C7D0D002C9680 /* Resources */,
			);
			buildRules = (
			);
			dependencies = (
			);
			name = "Crown tvOS";
			productName = "Crown tvOS";
			productReference = EF7FB8272A3C7D0D002C9680 /* Crown.app */;
			productType = "com.apple.product-type.application";
		};
		EF7FB8362A3C7D0D002C9680 /* Crown macOS */ = {
			isa = PBXNativeTarget;
			buildConfigurationList = EF7FB8552A3C7D0D002C9680 /* Build configuration list for PBXNativeTarget "Crown macOS" */;
			buildPhases = (
				EF7FB8332A3C7D0D002C9680 /* Sources */,
				EF7FB8342A3C7D0D002C9680 /* Frameworks */,
				EF7FB8352A3C7D0D002C9680 /* Resources */,
			);
			buildRules = (
			);
			dependencies = (
			);
			name = "Crown macOS";
			productName = "Crown macOS";
			productReference = EF7FB8372A3C7D0D002C9680 /* Crown.app */;
			productType = "com.apple.product-type.application";
		};
/* End PBXNativeTarget section */

/* Begin PBXProject section */
		EF7FB8092A3C7D0B002C9680 /* Project object */ = {
			isa = PBXProject;
			attributes = {
				BuildIndependentTargetsInParallel = 1;
				LastSwiftUpdateCheck = 1430;
				LastUpgradeCheck = 1430;
				TargetAttributes = {
					EF7FB8152A3C7D0D002C9680 = {
						CreatedOnToolsVersion = 14.3.1;
					};
					EF7FB8262A3C7D0D002C9680 = {
						CreatedOnToolsVersion = 14.3.1;
					};
					EF7FB8362A3C7D0D002C9680 = {
						CreatedOnToolsVersion = 14.3.1;
					};
				};
			};
			buildConfigurationList = EF7FB80C2A3C7D0B002C9680 /* Build configuration list for PBXProject "Crown" */;
			compatibilityVersion = "Xcode 14.0";
			developmentRegion = en;
			hasScannedForEncodings = 0;
			knownRegions = (
				en,
				Base,
			);
			mainGroup = EF7FB8082A3C7D0B002C9680;
			productRefGroup = EF7FB8172A3C7D0D002C9680 /* Products */;
			projectDirPath = "";
			projectRoot = "";
			targets = (
				EF7FB8152A3C7D0D002C9680 /* Crown iOS */,
				EF7FB8262A3C7D0D002C9680 /* Crown tvOS */,
				EF7FB8362A3C7D0D002C9680 /* Crown macOS */,
			);
		};
/* End PBXProject section */

/* Begin PBXResourcesBuildPhase section */
		EF7FB8142A3C7D0D002C9680 /* Resources */ = {
			isa = PBXResourcesBuildPhase;
			buildActionMask = 2147483647;
			files = (
				EF7FB81F2A3C7D0D002C9680 /* Main.storyboard in Resources */,
				EF7FB8222A3C7D0D002C9680 /* LaunchScreen.storyboard in Resources */,
				EF7FB84A2A3C7D0D002C9680 /* Assets.xcassets in Resources */,
			);
			runOnlyForDeploymentPostprocessing = 0;
		};
		EF7FB8252A3C7D0D002C9680 /* Resources */ = {
			isa = PBXResourcesBuildPhase;
			buildActionMask = 2147483647;
			files = (
				EF7FB84B2A3C7D0D002C9680 /* Assets.xcassets in Resources */,
			);
			runOnlyForDeploymentPostprocessing = 0;
		};
		EF7FB8352A3C7D0D002C9680 /* Resources */ = {
			isa = PBXResourcesBuildPhase;
			buildActionMask = 2147483647;
			files = (
				EF7FB84C2A3C7D0D002C9680 /* Assets.xcassets in Resources */,
			);
			runOnlyForDeploymentPostprocessing = 0;
		};
/* End PBXResourcesBuildPhase section */

/* Begin PBXSourcesBuildPhase section */
		EF7FB8122A3C7D0D002C9680 /* Sources */ = {
			isa = PBXSourcesBuildPhase;
			buildActionMask = 2147483647;
			files = (
				EF7FB8472A3C7D0D002C9680 /* GameScene.swift in Sources */,
				EF7FB81C2A3C7D0D002C9680 /* GameViewController.swift in Sources */,
				EF7FB8592A40A053002C9680 /* King.swift in Sources */,
				EF7FB8662A40A654002C9680 /* GameScene+Lines.swift in Sources */,
				EF7FB8622A40A642002C9680 /* GameScene+King.swift in Sources */,
				EF7FB81A2A3C7D0D002C9680 /* AppDelegate.swift in Sources */,
				EF7FB85D2A40A3BD002C9680 /* Line.swift in Sources */,
			);
			runOnlyForDeploymentPostprocessing = 0;
		};
		EF7FB8232A3C7D0D002C9680 /* Sources */ = {
			isa = PBXSourcesBuildPhase;
			buildActionMask = 2147483647;
			files = (
				EF7FB85E2A40A3BD002C9680 /* Line.swift in Sources */,
				EF7FB85A2A40A053002C9680 /* King.swift in Sources */,
				EF7FB8672A40A654002C9680 /* GameScene+Lines.swift in Sources */,
				EF7FB8482A3C7D0D002C9680 /* GameScene.swift in Sources */,
				EF7FB8632A40A642002C9680 /* GameScene+King.swift in Sources */,
			);
			runOnlyForDeploymentPostprocessing = 0;
		};
		EF7FB8332A3C7D0D002C9680 /* Sources */ = {
			isa = PBXSourcesBuildPhase;
			buildActionMask = 2147483647;
			files = (
				EF7FB85F2A40A3BD002C9680 /* Line.swift in Sources */,
				EF7FB85B2A40A053002C9680 /* King.swift in Sources */,
				EF7FB8682A40A654002C9680 /* GameScene+Lines.swift in Sources */,
				EF7FB8492A3C7D0D002C9680 /* GameScene.swift in Sources */,
				EF7FB8642A40A642002C9680 /* GameScene+King.swift in Sources */,
			);
			runOnlyForDeploymentPostprocessing = 0;
		};
/* End PBXSourcesBuildPhase section */

/* Begin PBXVariantGroup section */
		EF7FB81D2A3C7D0D002C9680 /* Main.storyboard */ = {
			isa = PBXVariantGroup;
			children = (
				EF7FB81E2A3C7D0D002C9680 /* Base */,
			);
			name = Main.storyboard;
			sourceTree = "<group>";
		};
		EF7FB8202A3C7D0D002C9680 /* LaunchScreen.storyboard */ = {
			isa = PBXVariantGroup;
			children = (
				EF7FB8212A3C7D0D002C9680 /* Base */,
			);
			name = LaunchScreen.storyboard;
			sourceTree = "<group>";
		};
/* End PBXVariantGroup section */

/* Begin XCBuildConfiguration section */
		EF7FB84D2A3C7D0D002C9680 /* Debug */ = {
			isa = XCBuildConfiguration;
			buildSettings = {
				ALWAYS_SEARCH_USER_PATHS = NO;
				CLANG_ANALYZER_NONNULL = YES;
				CLANG_ANALYZER_NUMBER_OBJECT_CONVERSION = YES_AGGRESSIVE;
				CLANG_CXX_LANGUAGE_STANDARD = "gnu++20";
				CLANG_ENABLE_MODULES = YES;
				CLANG_ENABLE_OBJC_ARC = YES;
				CLANG_ENABLE_OBJC_WEAK = YES;
				CLANG_WARN_BLOCK_CAPTURE_AUTORELEASING = YES;
				CLANG_WARN_BOOL_CONVERSION = YES;
				CLANG_WARN_COMMA = YES;
				CLANG_WARN_CONSTANT_CONVERSION = YES;
				CLANG_WARN_DEPRECATED_OBJC_IMPLEMENTATIONS = YES;
				CLANG_WARN_DIRECT_OBJC_ISA_USAGE = YES_ERROR;
				CLANG_WARN_DOCUMENTATION_COMMENTS = YES;
				CLANG_WARN_EMPTY_BODY = YES;
				CLANG_WARN_ENUM_CONVERSION = YES;
				CLANG_WARN_INFINITE_RECURSION = YES;
				CLANG_WARN_INT_CONVERSION = YES;
				CLANG_WARN_NON_LITERAL_NULL_CONVERSION = YES;
				CLANG_WARN_OBJC_IMPLICIT_RETAIN_SELF = YES;
				CLANG_WARN_OBJC_LITERAL_CONVERSION = YES;
				CLANG_WARN_OBJC_ROOT_CLASS = YES_ERROR;
				CLANG_WARN_QUOTED_INCLUDE_IN_FRAMEWORK_HEADER = YES;
				CLANG_WARN_RANGE_LOOP_ANALYSIS = YES;
				CLANG_WARN_STRICT_PROTOTYPES = YES;
				CLANG_WARN_SUSPICIOUS_MOVE = YES;
				CLANG_WARN_UNGUARDED_AVAILABILITY = YES_AGGRESSIVE;
				CLANG_WARN_UNREACHABLE_CODE = YES;
				CLANG_WARN__DUPLICATE_METHOD_MATCH = YES;
				COPY_PHASE_STRIP = NO;
				DEBUG_INFORMATION_FORMAT = dwarf;
				ENABLE_STRICT_OBJC_MSGSEND = YES;
				ENABLE_TESTABILITY = YES;
				GCC_C_LANGUAGE_STANDARD = gnu11;
				GCC_DYNAMIC_NO_PIC = NO;
				GCC_NO_COMMON_BLOCKS = YES;
				GCC_OPTIMIZATION_LEVEL = 0;
				GCC_PREPROCESSOR_DEFINITIONS = (
					"DEBUG=1",
					"$(inherited)",
				);
				GCC_WARN_64_TO_32_BIT_CONVERSION = YES;
				GCC_WARN_ABOUT_RETURN_TYPE = YES_ERROR;
				GCC_WARN_UNDECLARED_SELECTOR = YES;
				GCC_WARN_UNINITIALIZED_AUTOS = YES_AGGRESSIVE;
				GCC_WARN_UNUSED_FUNCTION = YES;
				GCC_WARN_UNUSED_VARIABLE = YES;
				MTL_ENABLE_DEBUG_INFO = INCLUDE_SOURCE;
				MTL_FAST_MATH = YES;
				ONLY_ACTIVE_ARCH = YES;
				SWIFT_ACTIVE_COMPILATION_CONDITIONS = DEBUG;
				SWIFT_OPTIMIZATION_LEVEL = "-Onone";
			};
			name = Debug;
		};
		EF7FB84E2A3C7D0D002C9680 /* Release */ = {
			isa = XCBuildConfiguration;
			buildSettings = {
				ALWAYS_SEARCH_USER_PATHS = NO;
				CLANG_ANALYZER_NONNULL = YES;
				CLANG_ANALYZER_NUMBER_OBJECT_CONVERSION = YES_AGGRESSIVE;
				CLANG_CXX_LANGUAGE_STANDARD = "gnu++20";
				CLANG_ENABLE_MODULES = YES;
				CLANG_ENABLE_OBJC_ARC = YES;
				CLANG_ENABLE_OBJC_WEAK = YES;
				CLANG_WARN_BLOCK_CAPTURE_AUTORELEASING = YES;
				CLANG_WARN_BOOL_CONVERSION = YES;
				CLANG_WARN_COMMA = YES;
				CLANG_WARN_CONSTANT_CONVERSION = YES;
				CLANG_WARN_DEPRECATED_OBJC_IMPLEMENTATIONS = YES;
				CLANG_WARN_DIRECT_OBJC_ISA_USAGE = YES_ERROR;
				CLANG_WARN_DOCUMENTATION_COMMENTS = YES;
				CLANG_WARN_EMPTY_BODY = YES;
				CLANG_WARN_ENUM_CONVERSION = YES;
				CLANG_WARN_INFINITE_RECURSION = YES;
				CLANG_WARN_INT_CONVERSION = YES;
				CLANG_WARN_NON_LITERAL_NULL_CONVERSION = YES;
				CLANG_WARN_OBJC_IMPLICIT_RETAIN_SELF = YES;
				CLANG_WARN_OBJC_LITERAL_CONVERSION = YES;
				CLANG_WARN_OBJC_ROOT_CLASS = YES_ERROR;
				CLANG_WARN_QUOTED_INCLUDE_IN_FRAMEWORK_HEADER = YES;
				CLANG_WARN_RANGE_LOOP_ANALYSIS = YES;
				CLANG_WARN_STRICT_PROTOTYPES = YES;
				CLANG_WARN_SUSPICIOUS_MOVE = YES;
				CLANG_WARN_UNGUARDED_AVAILABILITY = YES_AGGRESSIVE;
				CLANG_WARN_UNREACHABLE_CODE = YES;
				CLANG_WARN__DUPLICATE_METHOD_MATCH = YES;
				COPY_PHASE_STRIP = NO;
				DEBUG_INFORMATION_FORMAT = "dwarf-with-dsym";
				ENABLE_NS_ASSERTIONS = NO;
				ENABLE_STRICT_OBJC_MSGSEND = YES;
				GCC_C_LANGUAGE_STANDARD = gnu11;
				GCC_NO_COMMON_BLOCKS = YES;
				GCC_WARN_64_TO_32_BIT_CONVERSION = YES;
				GCC_WARN_ABOUT_RETURN_TYPE = YES_ERROR;
				GCC_WARN_UNDECLARED_SELECTOR = YES;
				GCC_WARN_UNINITIALIZED_AUTOS = YES_AGGRESSIVE;
				GCC_WARN_UNUSED_FUNCTION = YES;
				GCC_WARN_UNUSED_VARIABLE = YES;
				MTL_ENABLE_DEBUG_INFO = NO;
				MTL_FAST_MATH = YES;
				SWIFT_COMPILATION_MODE = wholemodule;
				SWIFT_OPTIMIZATION_LEVEL = "-O";
			};
			name = Release;
		};
		EF7FB8502A3C7D0D002C9680 /* Debug */ = {
			isa = XCBuildConfiguration;
			buildSettings = {
				ASSETCATALOG_COMPILER_APPICON_NAME = AppIcon;
				ASSETCATALOG_COMPILER_GLOBAL_ACCENT_COLOR_NAME = AccentColor;
				CODE_SIGN_STYLE = Automatic;
				CURRENT_PROJECT_VERSION = 1;
				GENERATE_INFOPLIST_FILE = YES;
				INFOPLIST_KEY_UIApplicationSupportsIndirectInputEvents = YES;
				INFOPLIST_KEY_UILaunchStoryboardName = LaunchScreen;
				INFOPLIST_KEY_UIMainStoryboardFile = Main;
				INFOPLIST_KEY_UIStatusBarHidden = YES;
				INFOPLIST_KEY_UISupportedInterfaceOrientations = "UIInterfaceOrientationLandscapeLeft UIInterfaceOrientationLandscapeRight";
				INFOPLIST_KEY_UISupportedInterfaceOrientations_iPad = "UIInterfaceOrientationLandscapeLeft UIInterfaceOrientationLandscapeRight UIInterfaceOrientationPortrait UIInterfaceOrientationPortraitUpsideDown";
				IPHONEOS_DEPLOYMENT_TARGET = 16.4;
				LD_RUNPATH_SEARCH_PATHS = (
					"$(inherited)",
					"@executable_path/Frameworks",
				);
				MARKETING_VERSION = 1.0;
				PRODUCT_BUNDLE_IDENTIFIER = com.name.Crown;
				PRODUCT_NAME = Crown;
				SDKROOT = iphoneos;
				SUPPORTED_PLATFORMS = "iphoneos iphonesimulator";
				SUPPORTS_MACCATALYST = NO;
				SUPPORTS_MAC_DESIGNED_FOR_IPHONE_IPAD = NO;
				SWIFT_EMIT_LOC_STRINGS = YES;
				SWIFT_VERSION = 5.0;
				TARGETED_DEVICE_FAMILY = 1;
			};
			name = Debug;
		};
		EF7FB8512A3C7D0D002C9680 /* Release */ = {
			isa = XCBuildConfiguration;
			buildSettings = {
				ASSETCATALOG_COMPILER_APPICON_NAME = AppIcon;
				ASSETCATALOG_COMPILER_GLOBAL_ACCENT_COLOR_NAME = AccentColor;
				CODE_SIGN_STYLE = Automatic;
				CURRENT_PROJECT_VERSION = 1;
				GENERATE_INFOPLIST_FILE = YES;
				INFOPLIST_KEY_UIApplicationSupportsIndirectInputEvents = YES;
				INFOPLIST_KEY_UILaunchStoryboardName = LaunchScreen;
				INFOPLIST_KEY_UIMainStoryboardFile = Main;
				INFOPLIST_KEY_UIStatusBarHidden = YES;
				INFOPLIST_KEY_UISupportedInterfaceOrientations = "UIInterfaceOrientationLandscapeLeft UIInterfaceOrientationLandscapeRight";
				INFOPLIST_KEY_UISupportedInterfaceOrientations_iPad = "UIInterfaceOrientationLandscapeLeft UIInterfaceOrientationLandscapeRight UIInterfaceOrientationPortrait UIInterfaceOrientationPortraitUpsideDown";
				IPHONEOS_DEPLOYMENT_TARGET = 16.4;
				LD_RUNPATH_SEARCH_PATHS = (
					"$(inherited)",
					"@executable_path/Frameworks",
				);
				MARKETING_VERSION = 1.0;
				PRODUCT_BUNDLE_IDENTIFIER = com.name.Crown;
				PRODUCT_NAME = Crown;
				SDKROOT = iphoneos;
				SUPPORTED_PLATFORMS = "iphoneos iphonesimulator";
				SUPPORTS_MACCATALYST = NO;
				SUPPORTS_MAC_DESIGNED_FOR_IPHONE_IPAD = NO;
				SWIFT_EMIT_LOC_STRINGS = YES;
				SWIFT_VERSION = 5.0;
				TARGETED_DEVICE_FAMILY = 1;
				VALIDATE_PRODUCT = YES;
			};
			name = Release;
		};
		EF7FB8532A3C7D0D002C9680 /* Debug */ = {
			isa = XCBuildConfiguration;
			buildSettings = {
				ASSETCATALOG_COMPILER_APPICON_NAME = "tvOS App Icon & Top Shelf Image";
				ASSETCATALOG_COMPILER_GLOBAL_ACCENT_COLOR_NAME = AccentColor;
				CODE_SIGN_STYLE = Automatic;
				CURRENT_PROJECT_VERSION = 1;
				GENERATE_INFOPLIST_FILE = YES;
				INFOPLIST_KEY_UILaunchStoryboardName = LaunchScreen;
				INFOPLIST_KEY_UIMainStoryboardFile = Main;
				INFOPLIST_KEY_UIUserInterfaceStyle = Automatic;
				LD_RUNPATH_SEARCH_PATHS = (
					"$(inherited)",
					"@executable_path/Frameworks",
				);
				MARKETING_VERSION = 1.0;
				PRODUCT_BUNDLE_IDENTIFIER = com.name.Crown;
				PRODUCT_NAME = Crown;
				SDKROOT = appletvos;
				SWIFT_EMIT_LOC_STRINGS = YES;
				SWIFT_VERSION = 5.0;
				TARGETED_DEVICE_FAMILY = 3;
				TVOS_DEPLOYMENT_TARGET = 16.4;
			};
			name = Debug;
		};
		EF7FB8542A3C7D0D002C9680 /* Release */ = {
			isa = XCBuildConfiguration;
			buildSettings = {
				ASSETCATALOG_COMPILER_APPICON_NAME = "tvOS App Icon & Top Shelf Image";
				ASSETCATALOG_COMPILER_GLOBAL_ACCENT_COLOR_NAME = AccentColor;
				CODE_SIGN_STYLE = Automatic;
				CURRENT_PROJECT_VERSION = 1;
				GENERATE_INFOPLIST_FILE = YES;
				INFOPLIST_KEY_UILaunchStoryboardName = LaunchScreen;
				INFOPLIST_KEY_UIMainStoryboardFile = Main;
				INFOPLIST_KEY_UIUserInterfaceStyle = Automatic;
				LD_RUNPATH_SEARCH_PATHS = (
					"$(inherited)",
					"@executable_path/Frameworks",
				);
				MARKETING_VERSION = 1.0;
				PRODUCT_BUNDLE_IDENTIFIER = com.name.Crown;
				PRODUCT_NAME = Crown;
				SDKROOT = appletvos;
				SWIFT_EMIT_LOC_STRINGS = YES;
				SWIFT_VERSION = 5.0;
				TARGETED_DEVICE_FAMILY = 3;
				TVOS_DEPLOYMENT_TARGET = 16.4;
				VALIDATE_PRODUCT = YES;
			};
			name = Release;
		};
		EF7FB8562A3C7D0D002C9680 /* Debug */ = {
			isa = XCBuildConfiguration;
			buildSettings = {
				ASSETCATALOG_COMPILER_APPICON_NAME = AppIcon;
				ASSETCATALOG_COMPILER_GLOBAL_ACCENT_COLOR_NAME = AccentColor;
				CODE_SIGN_ENTITLEMENTS = "Crown macOS/Crown_macOS.entitlements";
				CODE_SIGN_STYLE = Automatic;
				COMBINE_HIDPI_IMAGES = YES;
				CURRENT_PROJECT_VERSION = 1;
				GENERATE_INFOPLIST_FILE = YES;
				INFOPLIST_KEY_NSHumanReadableCopyright = "";
				INFOPLIST_KEY_NSMainStoryboardFile = Main;
				INFOPLIST_KEY_NSPrincipalClass = NSApplication;
				LD_RUNPATH_SEARCH_PATHS = (
					"$(inherited)",
					"@executable_path/../Frameworks",
				);
				MACOSX_DEPLOYMENT_TARGET = 13.3;
				MARKETING_VERSION = 1.0;
				PRODUCT_BUNDLE_IDENTIFIER = com.name.Crown;
				PRODUCT_NAME = Crown;
				SDKROOT = macosx;
				SWIFT_EMIT_LOC_STRINGS = YES;
				SWIFT_VERSION = 5.0;
			};
			name = Debug;
		};
		EF7FB8572A3C7D0D002C9680 /* Release */ = {
			isa = XCBuildConfiguration;
			buildSettings = {
				ASSETCATALOG_COMPILER_APPICON_NAME = AppIcon;
				ASSETCATALOG_COMPILER_GLOBAL_ACCENT_COLOR_NAME = AccentColor;
				CODE_SIGN_ENTITLEMENTS = "Crown macOS/Crown_macOS.entitlements";
				CODE_SIGN_STYLE = Automatic;
				COMBINE_HIDPI_IMAGES = YES;
				CURRENT_PROJECT_VERSION = 1;
				GENERATE_INFOPLIST_FILE = YES;
				INFOPLIST_KEY_NSHumanReadableCopyright = "";
				INFOPLIST_KEY_NSMainStoryboardFile = Main;
				INFOPLIST_KEY_NSPrincipalClass = NSApplication;
				LD_RUNPATH_SEARCH_PATHS = (
					"$(inherited)",
					"@executable_path/../Frameworks",
				);
				MACOSX_DEPLOYMENT_TARGET = 13.3;
				MARKETING_VERSION = 1.0;
				PRODUCT_BUNDLE_IDENTIFIER = com.name.Crown;
				PRODUCT_NAME = Crown;
				SDKROOT = macosx;
				SWIFT_EMIT_LOC_STRINGS = YES;
				SWIFT_VERSION = 5.0;
			};
			name = Release;
		};
/* End XCBuildConfiguration section */

/* Begin XCConfigurationList section */
		EF7FB80C2A3C7D0B002C9680 /* Build configuration list for PBXProject "Crown" */ = {
			isa = XCConfigurationList;
			buildConfigurations = (
				EF7FB84D2A3C7D0D002C9680 /* Debug */,
				EF7FB84E2A3C7D0D002C9680 /* Release */,
			);
			defaultConfigurationIsVisible = 0;
			defaultConfigurationName = Release;
		};
		EF7FB84F2A3C7D0D002C9680 /* Build configuration list for PBXNativeTarget "Crown iOS" */ = {
			isa = XCConfigurationList;
			buildConfigurations = (
				EF7FB8502A3C7D0D002C9680 /* Debug */,
				EF7FB8512A3C7D0D002C9680 /* Release */,
			);
			defaultConfigurationIsVisible = 0;
			defaultConfigurationName = Release;
		};
		EF7FB8522A3C7D0D002C9680 /* Build configuration list for PBXNativeTarget "Crown tvOS" */ = {
			isa = XCConfigurationList;
			buildConfigurations = (
				EF7FB8532A3C7D0D002C9680 /* Debug */,
				EF7FB8542A3C7D0D002C9680 /* Release */,
			);
			defaultConfigurationIsVisible = 0;
			defaultConfigurationName = Release;
		};
		EF7FB8552A3C7D0D002C9680 /* Build configuration list for PBXNativeTarget "Crown macOS" */ = {
			isa = XCConfigurationList;
			buildConfigurations = (
				EF7FB8562A3C7D0D002C9680 /* Debug */,
				EF7FB8572A3C7D0D002C9680 /* Release */,
			);
			defaultConfigurationIsVisible = 0;
			defaultConfigurationName = Release;
		};
/* End XCConfigurationList section */
	};
	rootObject = EF7FB8092A3C7D0B002C9680 /* Project object */;
}
